langcode: en
status: true
dependencies:
  config:
    - block_content.type.slideshow
    - field.storage.block_content.field_slide_block
  module:
    - entity_reference_revisions
id: block_content.slideshow.field_slide_block
field_name: field_slide_block
entity_type: block_content
bundle: slideshow
label: 'Slide block'
description: ''
required: false
translatable: true
default_value: {  }
default_value_callback: ''
settings:
  handler: 'default:paragraph'
  handler_settings:
    target_bundles:
      slide: slide
    target_bundles_drag_drop:
      accordion:
        weight: 10
        enabled: false
      contact:
        weight: 11
        enabled: false
      country_contact:
        weight: 12
        enabled: false
      image:
        weight: 13
        enabled: false
      redirect_selector:
        weight: 14
        enabled: false
      slide:
        enabled: true
        weight: 15
      tabs:
        weight: 16
        enabled: false
      text:
        weight: 17
        enabled: false
      tout:
        weight: 18
        enabled: false
field_type: entity_reference_revisions
