langcode: en
status: true
dependencies:
  module:
    - facets
    - tal_ingredient_search
id: searchfinderblock
theme: tateandlyle
region: footer_top
weight: 0
provider: null
plugin: search_finder_block
settings:
  id: search_finder_block
  label: 'Find an ingredient'
  provider: tal_ingredient_search
  label_display: visible
visibility:
  other_facet:
    id: other_facet
    facets: ''
    facet_value: ''
    negate: false
    context_mapping: {  }
