langcode: en
status: true
dependencies:
  config:
    - block_content.type.talk_to_us
    - field.storage.block_content.field_connect_block
    - paragraphs.paragraphs_type.talk_to_us
  module:
    - entity_reference_revisions
id: block_content.talk_to_us.field_connect_block
field_name: field_connect_block
entity_type: block_content
bundle: talk_to_us
label: 'Connect block'
description: ''
required: false
translatable: false
default_value: {  }
default_value_callback: ''
settings:
  handler: 'default:paragraph'
  handler_settings:
    target_bundles:
      talk_to_us: talk_to_us
    target_bundles_drag_drop:
      talk_to_us:
        enabled: true
        weight: 2
field_type: entity_reference_revisions
